
Microsoft Visual Studio Solution File, Format Version 12.00
Project("{FAE04EC0-301F-11D3-BF4B-00C04F79EFBC}") = "TTEcommerce.Core", "src\Core\TTEcommerce.Core\TTEcommerce.Core.csproj", "{A47CF091-15BA-4145-B3BE-3D5308576806}"
EndProject
Project("{FAE04EC0-301F-11D3-BF4B-00C04F79EFBC}") = "TTEcommerce.Core.Test", "src\Core\TTEcommerce.Core.Test\TTEcommerce.Core.Test.csproj", "{AC602AA8-477B-4868-B433-02EF81777212}"
EndProject
Project("{FAE04EC0-301F-11D3-BF4B-00C04F79EFBC}") = "TTEcommerce.Core.Infrastructure", "src\Core\TTEcommerce.Core.Infrastructure\TTEcommerce.Core.Infrastructure.csproj", "{F23D6FD2-CDBA-459A-8A19-CCBDD90B107F}"
EndProject
Global
	GlobalSection(SolutionConfigurationPlatforms) = preSolution
		Debug|Any CPU = Debug|Any CPU
		Release|Any CPU = Release|Any CPU
	EndGlobalSection
	GlobalSection(ProjectConfigurationPlatforms) = postSolution
		{A47CF091-15BA-4145-B3BE-3D5308576806}.Debug|Any CPU.ActiveCfg = Debug|Any CPU
		{A47CF091-15BA-4145-B3BE-3D5308576806}.Debug|Any CPU.Build.0 = Debug|Any CPU
		{A47CF091-15BA-4145-B3BE-3D5308576806}.Release|Any CPU.ActiveCfg = Release|Any CPU
		{A47CF091-15BA-4145-B3BE-3D5308576806}.Release|Any CPU.Build.0 = Release|Any CPU
		{AC602AA8-477B-4868-B433-02EF81777212}.Debug|Any CPU.ActiveCfg = Debug|Any CPU
		{AC602AA8-477B-4868-B433-02EF81777212}.Debug|Any CPU.Build.0 = Debug|Any CPU
		{AC602AA8-477B-4868-B433-02EF81777212}.Release|Any CPU.ActiveCfg = Release|Any CPU
		{AC602AA8-477B-4868-B433-02EF81777212}.Release|Any CPU.Build.0 = Release|Any CPU
		{F23D6FD2-CDBA-459A-8A19-CCBDD90B107F}.Debug|Any CPU.ActiveCfg = Debug|Any CPU
		{F23D6FD2-CDBA-459A-8A19-CCBDD90B107F}.Debug|Any CPU.Build.0 = Debug|Any CPU
		{F23D6FD2-CDBA-459A-8A19-CCBDD90B107F}.Release|Any CPU.ActiveCfg = Release|Any CPU
		{F23D6FD2-CDBA-459A-8A19-CCBDD90B107F}.Release|Any CPU.Build.0 = Release|Any CPU
	EndGlobalSection
EndGlobal
